
Microsoft Visual Studio Solution File, Format Version 12.00
# Visual Studio 15
VisualStudioVersion = 15.0.28307.757
MinimumVisualStudioVersion = 10.0.40219.1
Project("{FAE04EC0-301F-11D3-BF4B-00C04F79EFBC}") = "BuildInParameters", "BuildInParameters\BuildInParameters.csproj", "{95179AF9-0852-4F59-84D9-CEF8C163AB15}"
EndProject
Global
	GlobalSection(SolutionConfigurationPlatforms) = preSolution
		Debug|Any CPU = Debug|Any CPU
		Release|Any CPU = Release|Any CPU
	EndGlobalSection
	GlobalSection(ProjectConfigurationPlatforms) = postSolution
		{95179AF9-0852-4F59-84D9-CEF8C163AB15}.Debug|Any CPU.ActiveCfg = Debug|Any CPU
		{95179AF9-0852-4F59-84D9-CEF8C163AB15}.Debug|Any CPU.Build.0 = Debug|Any CPU
		{95179AF9-0852-4F59-84D9-CEF8C163AB15}.Release|Any CPU.ActiveCfg = Release|Any CPU
		{95179AF9-0852-4F59-84D9-CEF8C163AB15}.Release|Any CPU.Build.0 = Release|Any CPU
	EndGlobalSection
	GlobalSection(SolutionProperties) = preSolution
		HideSolutionNode = FALSE
	EndGlobalSection
	GlobalSection(ExtensibilityGlobals) = postSolution
		SolutionGuid = {2ECE6F8F-5D8D-4907-BDFB-C11ACA0D96BA}
	EndGlobalSection
EndGlobal
