
Microsoft Visual Studio Solution File, Format Version 12.00
# Visual Studio 15
VisualStudioVersion = 15.0.28307.757
MinimumVisualStudioVersion = 10.0.40219.1
Project("{FAE04EC0-301F-11D3-BF4B-00C04F79EFBC}") = "GetSetParameters", "GetSetParameters\GetSetParameters.csproj", "{FB3401E8-ACA2-41F4-8E5C-8C5E5E12059C}"
EndProject
Global
	GlobalSection(SolutionConfigurationPlatforms) = preSolution
		Debug|Any CPU = Debug|Any CPU
		Release|Any CPU = Release|Any CPU
	EndGlobalSection
	GlobalSection(ProjectConfigurationPlatforms) = postSolution
		{FB3401E8-ACA2-41F4-8E5C-8C5E5E12059C}.Debug|Any CPU.ActiveCfg = Debug|Any CPU
		{FB3401E8-ACA2-41F4-8E5C-8C5E5E12059C}.Debug|Any CPU.Build.0 = Debug|Any CPU
		{FB3401E8-ACA2-41F4-8E5C-8C5E5E12059C}.Release|Any CPU.ActiveCfg = Release|Any CPU
		{FB3401E8-ACA2-41F4-8E5C-8C5E5E12059C}.Release|Any CPU.Build.0 = Release|Any CPU
	EndGlobalSection
	GlobalSection(SolutionProperties) = preSolution
		HideSolutionNode = FALSE
	EndGlobalSection
	GlobalSection(ExtensibilityGlobals) = postSolution
		SolutionGuid = {FDFD589A-A9A7-4DC1-8ED1-7B7AA92E7CCE}
	EndGlobalSection
EndGlobal
